# This file is autogenerated, do not edit; changes may be undone by the next 'dep ensure'.


[[projects]]
  name = "github.com/Sirupsen/logrus"
  packages = ["."]
  revision = "a283a10442df8dc09befd873fab202bf8a253d6a"

[[projects]]
  name = "github.com/golang/protobuf"
  packages = ["proto"]
  revision = "2c1988e8c18d14b142c0b472624f71647cf39adb"

[[projects]]
  name = "github.com/google/go-github"
  packages = ["github"]
  revision = "56add9d4071bb1a06003a1239ebbc1500692b55d"

[[projects]]
  name = "github.com/google/go-querystring"
  packages = ["query"]
  revision = "9235644dd9e52eeae6fa48efd539fdc351a0af53"

[[projects]]
  name = "golang.org/x/net"
  packages = ["context"]
  revision = "07b51741c1d6423d4a6abab1c49940ec09cb1aaf"

[[projects]]
  name = "golang.org/x/oauth2"
  packages = [".","internal"]
  revision = "4784bb855e56a530f1ce5d788959359ed6cb4a16"

[[projects]]
  name = "golang.org/x/sys"
  packages = ["unix"]
  revision = "a646d33e2ee3172a661fc09bca23bb4889a41bc8"

[[projects]]
  name = "google.golang.org/appengine"
  packages = ["internal","internal/base","internal/datastore","internal/log","internal/remote_api","internal/urlfetch","urlfetch"]
  revision = "e951d3868b377b14f4e60efa3a301532ee3c1ebf"

[solve-meta]
  analyzer-name = "dep"
  analyzer-version = 1
  inputs-digest = "2d3ef5af4cd9fe0e933618710622b3a5e0ffa2c27e2eaee04a5d17da5a9df8d2"
  solver-name = "gps-cdcl"
  solver-version = 1
